// !$*UTF8*$!
{
	archiveVersion = 1;
	classes = {
	};
	objectVersion = 46;
	objects = {

/* Begin PBXBuildFile section */
		56EC44C81544334A0060D664 /* UIKit.framework in Frameworks */ = {isa = PBXBuildFile; fileRef = 56EC44C71544334A0060D664 /* UIKit.framework */; };
		56EC44CA1544334A0060D664 /* Foundation.framework in Frameworks */ = {isa = PBXBuildFile; fileRef = 56EC44C91544334A0060D664 /* Foundation.framework */; };
		56EC44CC1544334A0060D664 /* CoreGraphics.framework in Frameworks */ = {isa = PBXBuildFile; fileRef = 56EC44CB1544334A0060D664 /* CoreGraphics.framework */; };
		56EC44D21544334A0060D664 /* InfoPlist.strings in Resources */ = {isa = PBXBuildFile; fileRef = 56EC44D01544334A0060D664 /* InfoPlist.strings */; };
		56EC44D41544334A0060D664 /* main.m in Sources */ = {isa = PBXBuildFile; fileRef = 56EC44D31544334A0060D664 /* main.m */; };
		56EC44D81544334A0060D664 /* NUSAppDelegate.m in Sources */ = {isa = PBXBuildFile; fileRef = 56EC44D71544334A0060D664 /* NUSAppDelegate.m */; };
		56EC44DB1544334A0060D664 /* MainStoryboard.storyboard in Resources */ = {isa = PBXBuildFile; fileRef = 56EC44D91544334A0060D664 /* MainStoryboard.storyboard */; };
		56EC44DE1544334A0060D664 /* NUSFirstViewController.m in Sources */ = {isa = PBXBuildFile; fileRef = 56EC44DD1544334A0060D664 /* NUSFirstViewController.m */; };
		56EC44E01544334A0060D664 /* first.png in Resources */ = {isa = PBXBuildFile; fileRef = 56EC44DF1544334A0060D664 /* first.png */; };
		56EC44E21544334A0060D664 /* first@2x.png in Resources */ = {isa = PBXBuildFile; fileRef = 56EC44E11544334A0060D664 /* first@2x.png */; };
		56EC44E51544334A0060D664 /* NUSSecondViewController.m in Sources */ = {isa = PBXBuildFile; fileRef = 56EC44E41544334A0060D664 /* NUSSecondViewController.m */; };
		56EC44E71544334A0060D664 /* second.png in Resources */ = {isa = PBXBuildFile; fileRef = 56EC44E61544334A0060D664 /* second.png */; };
		56EC44E91544334A0060D664 /* second@2x.png in Resources */ = {isa = PBXBuildFile; fileRef = 56EC44E81544334A0060D664 /* second@2x.png */; };
		56EC44F11544334A0060D664 /* SenTestingKit.framework in Frameworks */ = {isa = PBXBuildFile; fileRef = 56EC44F01544334A0060D664 /* SenTestingKit.framework */; };
		56EC44F21544334A0060D664 /* UIKit.framework in Frameworks */ = {isa = PBXBuildFile; fileRef = 56EC44C71544334A0060D664 /* UIKit.framework */; };
		56EC44F31544334A0060D664 /* Foundation.framework in Frameworks */ = {isa = PBXBuildFile; fileRef = 56EC44C91544334A0060D664 /* Foundation.framework */; };
		56EC44FB1544334A0060D664 /* InfoPlist.strings in Resources */ = {isa = PBXBuildFile; fileRef = 56EC44F91544334A0060D664 /* InfoPlist.strings */; };
		56EC44FE1544334A0060D664 /* iMenuTests.m in Sources */ = {isa = PBXBuildFile; fileRef = 56EC44FD1544334A0060D664 /* iMenuTests.m */; };
		DDEA291D15463DDC00C0B219 /* Icon-small.png in Resources */ = {isa = PBXBuildFile; fileRef = DDEA291915463DDC00C0B219 /* Icon-small.png */; };
		DDEA291E15463DDC00C0B219 /* Icon-small@2x.png in Resources */ = {isa = PBXBuildFile; fileRef = DDEA291A15463DDC00C0B219 /* Icon-small@2x.png */; };
		DDEA291F15463DDC00C0B219 /* Icon.png in Resources */ = {isa = PBXBuildFile; fileRef = DDEA291B15463DDC00C0B219 /* Icon.png */; };
		DDEA292015463DDC00C0B219 /* Icon@2x.png in Resources */ = {isa = PBXBuildFile; fileRef = DDEA291C15463DDC00C0B219 /* Icon@2x.png */; };
/* End PBXBuildFile section */

/* Begin PBXContainerItemProxy section */
		56EC44F41544334A0060D664 /* PBXContainerItemProxy */ = {
			isa = PBXContainerItemProxy;
			containerPortal = 56EC44BA1544334A0060D664 /* Project object */;
			proxyType = 1;
			remoteGlobalIDString = 56EC44C21544334A0060D664;
			remoteInfo = iMenu;
		};
/* End PBXContainerItemProxy section */

/* Begin PBXFileReference section */
		56EC44C31544334A0060D664 /* iMenu.app */ = {isa = PBXFileReference; explicitFileType = wrapper.application; includeInIndex = 0; path = iMenu.app; sourceTree = BUILT_PRODUCTS_DIR; };
		56EC44C71544334A0060D664 /* UIKit.framework */ = {isa = PBXFileReference; lastKnownFileType = wrapper.framework; name = UIKit.framework; path = System/Library/Frameworks/UIKit.framework; sourceTree = SDKROOT; };
		56EC44C91544334A0060D664 /* Foundation.framework */ = {isa = PBXFileReference; lastKnownFileType = wrapper.framework; name = Foundation.framework; path = System/Library/Frameworks/Foundation.framework; sourceTree = SDKROOT; };
		56EC44CB1544334A0060D664 /* CoreGraphics.framework */ = {isa = PBXFileReference; lastKnownFileType = wrapper.framework; name = CoreGraphics.framework; path = System/Library/Frameworks/CoreGraphics.framework; sourceTree = SDKROOT; };
		56EC44CF1544334A0060D664 /* iMenu-Info.plist */ = {isa = PBXFileReference; lastKnownFileType = text.plist.xml; path = "iMenu-Info.plist"; sourceTree = "<group>"; };
		56EC44D11544334A0060D664 /* en */ = {isa = PBXFileReference; lastKnownFileType = text.plist.strings; name = en; path = en.lproj/InfoPlist.strings; sourceTree = "<group>"; };
		56EC44D31544334A0060D664 /* main.m */ = {isa = PBXFileReference; lastKnownFileType = sourcecode.c.objc; path = main.m; sourceTree = "<group>"; };
		56EC44D51544334A0060D664 /* iMenu-Prefix.pch */ = {isa = PBXFileReference; lastKnownFileType = sourcecode.c.h; path = "iMenu-Prefix.pch"; sourceTree = "<group>"; };
		56EC44D61544334A0060D664 /* NUSAppDelegate.h */ = {isa = PBXFileReference; lastKnownFileType = sourcecode.c.h; path = NUSAppDelegate.h; sourceTree = "<group>"; };
		56EC44D71544334A0060D664 /* NUSAppDelegate.m */ = {isa = PBXFileReference; lastKnownFileType = sourcecode.c.objc; path = NUSAppDelegate.m; sourceTree = "<group>"; };
		56EC44DA1544334A0060D664 /* en */ = {isa = PBXFileReference; lastKnownFileType = file.storyboard; name = en; path = en.lproj/MainStoryboard.storyboard; sourceTree = "<group>"; };
		56EC44DC1544334A0060D664 /* NUSFirstViewController.h */ = {isa = PBXFileReference; lastKnownFileType = sourcecode.c.h; path = NUSFirstViewController.h; sourceTree = "<group>"; };
		56EC44DD1544334A0060D664 /* NUSFirstViewController.m */ = {isa = PBXFileReference; lastKnownFileType = sourcecode.c.objc; path = NUSFirstViewController.m; sourceTree = "<group>"; };
		56EC44DF1544334A0060D664 /* first.png */ = {isa = PBXFileReference; lastKnownFileType = image.png; name = first.png; path = ../first.png; sourceTree = "<group>"; };
		56EC44E11544334A0060D664 /* first@2x.png */ = {isa = PBXFileReference; lastKnownFileType = image.png; name = "first@2x.png"; path = "../first@2x.png"; sourceTree = "<group>"; };
		56EC44E31544334A0060D664 /* NUSSecondViewController.h */ = {isa = PBXFileReference; lastKnownFileType = sourcecode.c.h; path = NUSSecondViewController.h; sourceTree = "<group>"; };
		56EC44E41544334A0060D664 /* NUSSecondViewController.m */ = {isa = PBXFileReference; lastKnownFileType = sourcecode.c.objc; path = NUSSecondViewController.m; sourceTree = "<group>"; };
		56EC44E61544334A0060D664 /* second.png */ = {isa = PBXFileReference; lastKnownFileType = image.png; name = second.png; path = ../second.png; sourceTree = "<group>"; };
		56EC44E81544334A0060D664 /* second@2x.png */ = {isa = PBXFileReference; lastKnownFileType = image.png; name = "second@2x.png"; path = "../second@2x.png"; sourceTree = "<group>"; };
		56EC44EF1544334A0060D664 /* iMenuTests.octest */ = {isa = PBXFileReference; explicitFileType = wrapper.cfbundle; includeInIndex = 0; path = iMenuTests.octest; sourceTree = BUILT_PRODUCTS_DIR; };
		56EC44F01544334A0060D664 /* SenTestingKit.framework */ = {isa = PBXFileReference; lastKnownFileType = wrapper.framework; name = SenTestingKit.framework; path = Library/Frameworks/SenTestingKit.framework; sourceTree = DEVELOPER_DIR; };
		56EC44F81544334A0060D664 /* iMenuTests-Info.plist */ = {isa = PBXFileReference; lastKnownFileType = text.plist.xml; path = "iMenuTests-Info.plist"; sourceTree = "<group>"; };
		56EC44FA1544334A0060D664 /* en */ = {isa = PBXFileReference; lastKnownFileType = text.plist.strings; name = en; path = en.lproj/InfoPlist.strings; sourceTree = "<group>"; };
		56EC44FC1544334A0060D664 /* iMenuTests.h */ = {isa = PBXFileReference; lastKnownFileType = sourcecode.c.h; path = iMenuTests.h; sourceTree = "<group>"; };
		56EC44FD1544334A0060D664 /* iMenuTests.m */ = {isa = PBXFileReference; lastKnownFileType = sourcecode.c.objc; path = iMenuTests.m; sourceTree = "<group>"; };
		DDEA291915463DDC00C0B219 /* Icon-small.png */ = {isa = PBXFileReference; lastKnownFileType = image.png; path = "Icon-small.png"; sourceTree = "<group>"; };
		DDEA291A15463DDC00C0B219 /* Icon-small@2x.png */ = {isa = PBXFileReference; lastKnownFileType = image.png; path = "Icon-small@2x.png"; sourceTree = "<group>"; };
		DDEA291B15463DDC00C0B219 /* Icon.png */ = {isa = PBXFileReference; lastKnownFileType = image.png; path = Icon.png; sourceTree = "<group>"; };
		DDEA291C15463DDC00C0B219 /* Icon@2x.png */ = {isa = PBXFileReference; lastKnownFileType = image.png; path = "Icon@2x.png"; sourceTree = "<group>"; };
/* End PBXFileReference section */

/* Begin PBXFrameworksBuildPhase section */
		56EC44C01544334A0060D664 /* Frameworks */ = {
			isa = PBXFrameworksBuildPhase;
			buildActionMask = 2147483647;
			files = (
				56EC44C81544334A0060D664 /* UIKit.framework in Frameworks */,
				56EC44CA1544334A0060D664 /* Foundation.framework in Frameworks */,
				56EC44CC1544334A0060D664 /* CoreGraphics.framework in Frameworks */,
			);
			runOnlyForDeploymentPostprocessing = 0;
		};
		56EC44EB1544334A0060D664 /* Frameworks */ = {
			isa = PBXFrameworksBuildPhase;
			buildActionMask = 2147483647;
			files = (
				56EC44F11544334A0060D664 /* SenTestingKit.framework in Frameworks */,
				56EC44F21544334A0060D664 /* UIKit.framework in Frameworks */,
				56EC44F31544334A0060D664 /* Foundation.framework in Frameworks */,
			);
			runOnlyForDeploymentPostprocessing = 0;
		};
/* End PBXFrameworksBuildPhase section */

/* Begin PBXGroup section */
		56EC44B81544334A0060D664 = {
			isa = PBXGroup;
			children = (
				56EC44CD1544334A0060D664 /* iMenu */,
				DDEA291815463DDC00C0B219 /* Resource */,
				56EC44F61544334A0060D664 /* iMenuTests */,
				56EC44C61544334A0060D664 /* Frameworks */,
				56EC44C41544334A0060D664 /* Products */,
			);
			sourceTree = "<group>";
		};
		56EC44C41544334A0060D664 /* Products */ = {
			isa = PBXGroup;
			children = (
				56EC44C31544334A0060D664 /* iMenu.app */,
				56EC44EF1544334A0060D664 /* iMenuTests.octest */,
			);
			name = Products;
			sourceTree = "<group>";
		};
		56EC44C61544334A0060D664 /* Frameworks */ = {
			isa = PBXGroup;
			children = (
				56EC44C71544334A0060D664 /* UIKit.framework */,
				56EC44C91544334A0060D664 /* Foundation.framework */,
				56EC44CB1544334A0060D664 /* CoreGraphics.framework */,
				56EC44F01544334A0060D664 /* SenTestingKit.framework */,
			);
			name = Frameworks;
			sourceTree = "<group>";
		};
		56EC44CD1544334A0060D664 /* iMenu */ = {
			isa = PBXGroup;
			children = (
				DDEA292215463EE400C0B219 /* Code */,
				56EC44CE1544334A0060D664 /* Supporting Files */,
			);
			path = iMenu;
			sourceTree = "<group>";
		};
		56EC44CE1544334A0060D664 /* Supporting Files */ = {
			isa = PBXGroup;
			children = (
				56EC44D91544334A0060D664 /* MainStoryboard.storyboard */,
				56EC44CF1544334A0060D664 /* iMenu-Info.plist */,
				56EC44D01544334A0060D664 /* InfoPlist.strings */,
				56EC44D31544334A0060D664 /* main.m */,
				56EC44D51544334A0060D664 /* iMenu-Prefix.pch */,
			);
			name = "Supporting Files";
			sourceTree = "<group>";
		};
		56EC44F61544334A0060D664 /* iMenuTests */ = {
			isa = PBXGroup;
			children = (
				56EC44FC1544334A0060D664 /* iMenuTests.h */,
				56EC44FD1544334A0060D664 /* iMenuTests.m */,
				56EC44F71544334A0060D664 /* Supporting Files */,
			);
			path = iMenuTests;
			sourceTree = "<group>";
		};
		56EC44F71544334A0060D664 /* Supporting Files */ = {
			isa = PBXGroup;
			children = (
				56EC44F81544334A0060D664 /* iMenuTests-Info.plist */,
				56EC44F91544334A0060D664 /* InfoPlist.strings */,
			);
			name = "Supporting Files";
			sourceTree = "<group>";
		};
		DDEA291815463DDC00C0B219 /* Resource */ = {
			isa = PBXGroup;
			children = (
				56EC44DF1544334A0060D664 /* first.png */,
				56EC44E11544334A0060D664 /* first@2x.png */,
				56EC44E61544334A0060D664 /* second.png */,
				56EC44E81544334A0060D664 /* second@2x.png */,
				DDEA291915463DDC00C0B219 /* Icon-small.png */,
				DDEA291A15463DDC00C0B219 /* Icon-small@2x.png */,
				DDEA291B15463DDC00C0B219 /* Icon.png */,
				DDEA291C15463DDC00C0B219 /* Icon@2x.png */,
			);
			name = Resource;
			path = iMenu/Resource;
			sourceTree = "<group>";
		};
		DDEA292215463EE400C0B219 /* Code */ = {
			isa = PBXGroup;
			children = (
				56EC44D61544334A0060D664 /* NUSAppDelegate.h */,
				56EC44D71544334A0060D664 /* NUSAppDelegate.m */,
				56EC44DC1544334A0060D664 /* NUSFirstViewController.h */,
				56EC44DD1544334A0060D664 /* NUSFirstViewController.m */,
				56EC44E31544334A0060D664 /* NUSSecondViewController.h */,
				56EC44E41544334A0060D664 /* NUSSecondViewController.m */,
			);
			name = Code;
			sourceTree = "<group>";
		};
/* End PBXGroup section */

/* Begin PBXNativeTarget section */
		56EC44C21544334A0060D664 /* iMenu */ = {
			isa = PBXNativeTarget;
			buildConfigurationList = 56EC45011544334A0060D664 /* Build configuration list for PBXNativeTarget "iMenu" */;
			buildPhases = (
				56EC44BF1544334A0060D664 /* Sources */,
				56EC44C01544334A0060D664 /* Frameworks */,
				56EC44C11544334A0060D664 /* Resources */,
			);
			buildRules = (
			);
			dependencies = (
			);
			name = iMenu;
			productName = iMenu;
			productReference = 56EC44C31544334A0060D664 /* iMenu.app */;
			productType = "com.apple.product-type.application";
		};
		56EC44EE1544334A0060D664 /* iMenuTests */ = {
			isa = PBXNativeTarget;
			buildConfigurationList = 56EC45041544334A0060D664 /* Build configuration list for PBXNativeTarget "iMenuTests" */;
			buildPhases = (
				56EC44EA1544334A0060D664 /* Sources */,
				56EC44EB1544334A0060D664 /* Frameworks */,
				56EC44EC1544334A0060D664 /* Resources */,
				56EC44ED1544334A0060D664 /* ShellScript */,
			);
			buildRules = (
			);
			dependencies = (
				56EC44F51544334A0060D664 /* PBXTargetDependency */,
			);
			name = iMenuTests;
			productName = iMenuTests;
			productReference = 56EC44EF1544334A0060D664 /* iMenuTests.octest */;
			productType = "com.apple.product-type.bundle";
		};
/* End PBXNativeTarget section */

/* Begin PBXProject section */
		56EC44BA1544334A0060D664 /* Project object */ = {
			isa = PBXProject;
			attributes = {
				CLASSPREFIX = NUS;
				LastUpgradeCheck = 0430;
			};
			buildConfigurationList = 56EC44BD1544334A0060D664 /* Build configuration list for PBXProject "iMenu" */;
			compatibilityVersion = "Xcode 3.2";
			developmentRegion = English;
			hasScannedForEncodings = 0;
			knownRegions = (
				en,
			);
			mainGroup = 56EC44B81544334A0060D664;
			productRefGroup = 56EC44C41544334A0060D664 /* Products */;
			projectDirPath = "";
			projectRoot = "";
			targets = (
				56EC44C21544334A0060D664 /* iMenu */,
				56EC44EE1544334A0060D664 /* iMenuTests */,
			);
		};
/* End PBXProject section */

/* Begin PBXResourcesBuildPhase section */
		56EC44C11544334A0060D664 /* Resources */ = {
			isa = PBXResourcesBuildPhase;
			buildActionMask = 2147483647;
			files = (
				56EC44D21544334A0060D664 /* InfoPlist.strings in Resources */,
				56EC44DB1544334A0060D664 /* MainStoryboard.storyboard in Resources */,
				56EC44E01544334A0060D664 /* first.png in Resources */,
				56EC44E21544334A0060D664 /* first@2x.png in Resources */,
				56EC44E71544334A0060D664 /* second.png in Resources */,
				56EC44E91544334A0060D664 /* second@2x.png in Resources */,
				DDEA291D15463DDC00C0B219 /* Icon-small.png in Resources */,
				DDEA291E15463DDC00C0B219 /* Icon-small@2x.png in Resources */,
				DDEA291F15463DDC00C0B219 /* Icon.png in Resources */,
				DDEA292015463DDC00C0B219 /* Icon@2x.png in Resources */,
			);
			runOnlyForDeploymentPostprocessing = 0;
		};
		56EC44EC1544334A0060D664 /* Resources */ = {
			isa = PBXResourcesBuildPhase;
			buildActionMask = 2147483647;
			files = (
				56EC44FB1544334A0060D664 /* InfoPlist.strings in Resources */,
			);
			runOnlyForDeploymentPostprocessing = 0;
		};
/* End PBXResourcesBuildPhase section */

/* Begin PBXShellScriptBuildPhase section */
		56EC44ED1544334A0060D664 /* ShellScript */ = {
			isa = PBXShellScriptBuildPhase;
			buildActionMask = 2147483647;
			files = (
			);
			inputPaths = (
			);
			outputPaths = (
			);
			runOnlyForDeploymentPostprocessing = 0;
			shellPath = /bin/sh;
			shellScript = "# Run the unit tests in this test bundle.\n\"${SYSTEM_DEVELOPER_DIR}/Tools/RunUnitTests\"\n";
		};
/* End PBXShellScriptBuildPhase section */

/* Begin PBXSourcesBuildPhase section */
		56EC44BF1544334A0060D664 /* Sources */ = {
			isa = PBXSourcesBuildPhase;
			buildActionMask = 2147483647;
			files = (
				56EC44D41544334A0060D664 /* main.m in Sources */,
				56EC44D81544334A0060D664 /* NUSAppDelegate.m in Sources */,
				56EC44DE1544334A0060D664 /* NUSFirstViewController.m in Sources */,
				56EC44E51544334A0060D664 /* NUSSecondViewController.m in Sources */,
			);
			runOnlyForDeploymentPostprocessing = 0;
		};
		56EC44EA1544334A0060D664 /* Sources */ = {
			isa = PBXSourcesBuildPhase;
			buildActionMask = 2147483647;
			files = (
				56EC44FE1544334A0060D664 /* iMenuTests.m in Sources */,
			);
			runOnlyForDeploymentPostprocessing = 0;
		};
/* End PBXSourcesBuildPhase section */

/* Begin PBXTargetDependency section */
		56EC44F51544334A0060D664 /* PBXTargetDependency */ = {
			isa = PBXTargetDependency;
			target = 56EC44C21544334A0060D664 /* iMenu */;
			targetProxy = 56EC44F41544334A0060D664 /* PBXContainerItemProxy */;
		};
/* End PBXTargetDependency section */

/* Begin PBXVariantGroup section */
		56EC44D01544334A0060D664 /* InfoPlist.strings */ = {
			isa = PBXVariantGroup;
			children = (
				56EC44D11544334A0060D664 /* en */,
			);
			name = InfoPlist.strings;
			sourceTree = "<group>";
		};
		56EC44D91544334A0060D664 /* MainStoryboard.storyboard */ = {
			isa = PBXVariantGroup;
			children = (
				56EC44DA1544334A0060D664 /* en */,
			);
			name = MainStoryboard.storyboard;
			sourceTree = "<group>";
		};
		56EC44F91544334A0060D664 /* InfoPlist.strings */ = {
			isa = PBXVariantGroup;
			children = (
				56EC44FA1544334A0060D664 /* en */,
			);
			name = InfoPlist.strings;
			sourceTree = "<group>";
		};
/* End PBXVariantGroup section */

/* Begin XCBuildConfiguration section */
		56EC44FF1544334A0060D664 /* Debug */ = {
			isa = XCBuildConfiguration;
			buildSettings = {
				ALWAYS_SEARCH_USER_PATHS = NO;
				ARCHS = "$(ARCHS_STANDARD_32_BIT)";
				CLANG_ENABLE_OBJC_ARC = YES;
				"CODE_SIGN_IDENTITY[sdk=iphoneos*]" = "iPhone Developer";
				COPY_PHASE_STRIP = NO;
				GCC_C_LANGUAGE_STANDARD = gnu99;
				GCC_DYNAMIC_NO_PIC = NO;
				GCC_OPTIMIZATION_LEVEL = 0;
				GCC_PREPROCESSOR_DEFINITIONS = (
					"DEBUG=1",
					"$(inherited)",
				);
				GCC_SYMBOLS_PRIVATE_EXTERN = NO;
				GCC_VERSION = com.apple.compilers.llvm.clang.1_0;
				GCC_WARN_ABOUT_RETURN_TYPE = YES;
				GCC_WARN_UNINITIALIZED_AUTOS = YES;
				GCC_WARN_UNUSED_VARIABLE = YES;
				IPHONEOS_DEPLOYMENT_TARGET = 5.1;
				SDKROOT = iphoneos;
			};
			name = Debug;
		};
		56EC45001544334A0060D664 /* Release */ = {
			isa = XCBuildConfiguration;
			buildSettings = {
				ALWAYS_SEARCH_USER_PATHS = NO;
				ARCHS = "$(ARCHS_STANDARD_32_BIT)";
				CLANG_ENABLE_OBJC_ARC = YES;
				"CODE_SIGN_IDENTITY[sdk=iphoneos*]" = "iPhone Developer";
				COPY_PHASE_STRIP = YES;
				GCC_C_LANGUAGE_STANDARD = gnu99;
				GCC_VERSION = com.apple.compilers.llvm.clang.1_0;
				GCC_WARN_ABOUT_RETURN_TYPE = YES;
				GCC_WARN_UNINITIALIZED_AUTOS = YES;
				GCC_WARN_UNUSED_VARIABLE = YES;
				IPHONEOS_DEPLOYMENT_TARGET = 5.1;
				OTHER_CFLAGS = "-DNS_BLOCK_ASSERTIONS=1";
				SDKROOT = iphoneos;
				VALIDATE_PRODUCT = YES;
			};
			name = Release;
		};
		56EC45021544334A0060D664 /* Debug */ = {
			isa = XCBuildConfiguration;
			buildSettings = {
				GCC_PRECOMPILE_PREFIX_HEADER = YES;
				GCC_PREFIX_HEADER = "iMenu/iMenu-Prefix.pch";
				INFOPLIST_FILE = "iMenu/iMenu-Info.plist";
				PRODUCT_NAME = "$(TARGET_NAME)";
				WRAPPER_EXTENSION = app;
			};
			name = Debug;
		};
		56EC45031544334A0060D664 /* Release */ = {
			isa = XCBuildConfiguration;
			buildSettings = {
				GCC_PRECOMPILE_PREFIX_HEADER = YES;
				GCC_PREFIX_HEADER = "iMenu/iMenu-Prefix.pch";
				INFOPLIST_FILE = "iMenu/iMenu-Info.plist";
				PRODUCT_NAME = "$(TARGET_NAME)";
				WRAPPER_EXTENSION = app;
			};
			name = Release;
		};
		56EC45051544334A0060D664 /* Debug */ = {
			isa = XCBuildConfiguration;
			buildSettings = {
				BUNDLE_LOADER = "$(BUILT_PRODUCTS_DIR)/iMenu.app/iMenu";
				FRAMEWORK_SEARCH_PATHS = (
					"$(SDKROOT)/Developer/Library/Frameworks",
					"$(DEVELOPER_LIBRARY_DIR)/Frameworks",
				);
				GCC_PRECOMPILE_PREFIX_HEADER = YES;
				GCC_PREFIX_HEADER = "iMenu/iMenu-Prefix.pch";
				INFOPLIST_FILE = "iMenuTests/iMenuTests-Info.plist";
				PRODUCT_NAME = "$(TARGET_NAME)";
				TEST_HOST = "$(BUNDLE_LOADER)";
				WRAPPER_EXTENSION = octest;
			};
			name = Debug;
		};
		56EC45061544334A0060D664 /* Release */ = {
			isa = XCBuildConfiguration;
			buildSettings = {
				BUNDLE_LOADER = "$(BUILT_PRODUCTS_DIR)/iMenu.app/iMenu";
				FRAMEWORK_SEARCH_PATHS = (
					"$(SDKROOT)/Developer/Library/Frameworks",
					"$(DEVELOPER_LIBRARY_DIR)/Frameworks",
				);
				GCC_PRECOMPILE_PREFIX_HEADER = YES;
				GCC_PREFIX_HEADER = "iMenu/iMenu-Prefix.pch";
				INFOPLIST_FILE = "iMenuTests/iMenuTests-Info.plist";
				PRODUCT_NAME = "$(TARGET_NAME)";
				TEST_HOST = "$(BUNDLE_LOADER)";
				WRAPPER_EXTENSION = octest;
			};
			name = Release;
		};
/* End XCBuildConfiguration section */

/* Begin XCConfigurationList section */
		56EC44BD1544334A0060D664 /* Build configuration list for PBXProject "iMenu" */ = {
			isa = XCConfigurationList;
			buildConfigurations = (
				56EC44FF1544334A0060D664 /* Debug */,
				56EC45001544334A0060D664 /* Release */,
			);
			defaultConfigurationIsVisible = 0;
			defaultConfigurationName = Release;
		};
		56EC45011544334A0060D664 /* Build configuration list for PBXNativeTarget "iMenu" */ = {
			isa = XCConfigurationList;
			buildConfigurations = (
				56EC45021544334A0060D664 /* Debug */,
				56EC45031544334A0060D664 /* Release */,
			);
			defaultConfigurationIsVisible = 0;
			defaultConfigurationName = Release;
		};
		56EC45041544334A0060D664 /* Build configuration list for PBXNativeTarget "iMenuTests" */ = {
			isa = XCConfigurationList;
			buildConfigurations = (
				56EC45051544334A0060D664 /* Debug */,
				56EC45061544334A0060D664 /* Release */,
			);
			defaultConfigurationIsVisible = 0;
			defaultConfigurationName = Release;
		};
/* End XCConfigurationList section */
	};
	rootObject = 56EC44BA1544334A0060D664 /* Project object */;
}
